// !$*UTF8*$!
{
	archiveVersion = 1;
	classes = {
	};
	objectVersion = 48;
	objects = {

/* Begin PBXBuildFile section */
		429785FB2048903B00526A52 /* main.c in Sources */ = {isa = PBXBuildFile; fileRef = 429785FA2048903B00526A52 /* main.c */; };
		429786032048909400526A52 /* iterative.c in Sources */ = {isa = PBXBuildFile; fileRef = 429786022048909400526A52 /* iterative.c */; };
		42978605204890B600526A52 /* multiplication_division.c in Sources */ = {isa = PBXBuildFile; fileRef = 42978604204890B600526A52 /* multiplication_division.c */; };
		429786072048911000526A52 /* sum_sub.c in Sources */ = {isa = PBXBuildFile; fileRef = 429786062048911000526A52 /* sum_sub.c */; };
/* End PBXBuildFile section */

/* Begin PBXCopyFilesBuildPhase section */
		429785F52048903B00526A52 /* CopyFiles */ = {
			isa = PBXCopyFilesBuildPhase;
			buildActionMask = 2147483647;
			dstPath = /usr/share/man/man1/;
			dstSubfolderSpec = 0;
			files = (
			);
			runOnlyForDeploymentPostprocessing = 1;
		};
/* End PBXCopyFilesBuildPhase section */

/* Begin PBXFileReference section */
		429785F72048903B00526A52 /* Exercise7 */ = {isa = PBXFileReference; explicitFileType = "compiled.mach-o.executable"; includeInIndex = 0; path = Exercise7; sourceTree = BUILT_PRODUCTS_DIR; };
		429785FA2048903B00526A52 /* main.c */ = {isa = PBXFileReference; lastKnownFileType = sourcecode.c.c; path = main.c; sourceTree = "<group>"; };
		429786012048906500526A52 /* Calculations_Functions.h */ = {isa = PBXFileReference; lastKnownFileType = sourcecode.c.h; path = Calculations_Functions.h; sourceTree = "<group>"; };
		429786022048909400526A52 /* iterative.c */ = {isa = PBXFileReference; lastKnownFileType = sourcecode.c.c; path = iterative.c; sourceTree = "<group>"; };
		42978604204890B600526A52 /* multiplication_division.c */ = {isa = PBXFileReference; lastKnownFileType = sourcecode.c.c; path = multiplication_division.c; sourceTree = "<group>"; };
		429786062048911000526A52 /* sum_sub.c */ = {isa = PBXFileReference; lastKnownFileType = sourcecode.c.c; path = sum_sub.c; sourceTree = "<group>"; };
/* End PBXFileReference section */

/* Begin PBXFrameworksBuildPhase section */
		429785F42048903B00526A52 /* Frameworks */ = {
			isa = PBXFrameworksBuildPhase;
			buildActionMask = 2147483647;
			files = (
			);
			runOnlyForDeploymentPostprocessing = 0;
		};
/* End PBXFrameworksBuildPhase section */

/* Begin PBXGroup section */
		429785EE2048903B00526A52 = {
			isa = PBXGroup;
			children = (
				429786012048906500526A52 /* Calculations_Functions.h */,
				429786022048909400526A52 /* iterative.c */,
				42978604204890B600526A52 /* multiplication_division.c */,
				429786062048911000526A52 /* sum_sub.c */,
				429785F92048903B00526A52 /* Exercise7 */,
				429785F82048903B00526A52 /* Products */,
			);
			sourceTree = "<group>";
		};
		429785F82048903B00526A52 /* Products */ = {
			isa = PBXGroup;
			children = (
				429785F72048903B00526A52 /* Exercise7 */,
			);
			name = Products;
			sourceTree = "<group>";
		};
		429785F92048903B00526A52 /* Exercise7 */ = {
			isa = PBXGroup;
			children = (
				429785FA2048903B00526A52 /* main.c */,
			);
			path = Exercise7;
			sourceTree = "<group>";
		};
/* End PBXGroup section */

/* Begin PBXNativeTarget section */
		429785F62048903B00526A52 /* Exercise7 */ = {
			isa = PBXNativeTarget;
			buildConfigurationList = 429785FE2048903B00526A52 /* Build configuration list for PBXNativeTarget "Exercise7" */;
			buildPhases = (
				429785F32048903B00526A52 /* Sources */,
				429785F42048903B00526A52 /* Frameworks */,
				429785F52048903B00526A52 /* CopyFiles */,
			);
			buildRules = (
			);
			dependencies = (
			);
			name = Exercise7;
			productName = Exercise7;
			productReference = 429785F72048903B00526A52 /* Exercise7 */;
			productType = "com.apple.product-type.tool";
		};
/* End PBXNativeTarget section */

/* Begin PBXProject section */
		429785EF2048903B00526A52 /* Project object */ = {
			isa = PBXProject;
			attributes = {
				LastUpgradeCheck = 0920;
				ORGANIZATIONNAME = "Pedro Gomes ";
				TargetAttributes = {
					429785F62048903B00526A52 = {
						CreatedOnToolsVersion = 9.2;
						ProvisioningStyle = Automatic;
					};
				};
			};
			buildConfigurationList = 429785F22048903B00526A52 /* Build configuration list for PBXProject "Exercise7" */;
			compatibilityVersion = "Xcode 8.0";
			developmentRegion = en;
			hasScannedForEncodings = 0;
			knownRegions = (
				en,
			);
			mainGroup = 429785EE2048903B00526A52;
			productRefGroup = 429785F82048903B00526A52 /* Products */;
			projectDirPath = "";
			projectRoot = "";
			targets = (
				429785F62048903B00526A52 /* Exercise7 */,
			);
		};
/* End PBXProject section */

/* Begin PBXSourcesBuildPhase section */
		429785F32048903B00526A52 /* Sources */ = {
			isa = PBXSourcesBuildPhase;
			buildActionMask = 2147483647;
			files = (
				429786072048911000526A52 /* sum_sub.c in Sources */,
				42978605204890B600526A52 /* multiplication_division.c in Sources */,
				429785FB2048903B00526A52 /* main.c in Sources */,
				429786032048909400526A52 /* iterative.c in Sources */,
			);
			runOnlyForDeploymentPostprocessing = 0;
		};
/* End PBXSourcesBuildPhase section */

/* Begin XCBuildConfiguration section */
		429785FC2048903B00526A52 /* Debug */ = {
			isa = XCBuildConfiguration;
			buildSettings = {
				ALWAYS_SEARCH_USER_PATHS = NO;
				CLANG_ANALYZER_NONNULL = YES;
				CLANG_ANALYZER_NUMBER_OBJECT_CONVERSION = YES_AGGRESSIVE;
				CLANG_CXX_LANGUAGE_STANDARD = "gnu++14";
				CLANG_CXX_LIBRARY = "libc++";
				CLANG_ENABLE_MODULES = YES;
				CLANG_ENABLE_OBJC_ARC = YES;
				CLANG_WARN_BLOCK_CAPTURE_AUTORELEASING = YES;
				CLANG_WARN_BOOL_CONVERSION = YES;
				CLANG_WARN_COMMA = YES;
				CLANG_WARN_CONSTANT_CONVERSION = YES;
				CLANG_WARN_DIRECT_OBJC_ISA_USAGE = YES_ERROR;
				CLANG_WARN_DOCUMENTATION_COMMENTS = YES;
				CLANG_WARN_EMPTY_BODY = YES;
				CLANG_WARN_ENUM_CONVERSION = YES;
				CLANG_WARN_INFINITE_RECURSION = YES;
				CLANG_WARN_INT_CONVERSION = YES;
				CLANG_WARN_NON_LITERAL_NULL_CONVERSION = YES;
				CLANG_WARN_OBJC_LITERAL_CONVERSION = YES;
				CLANG_WARN_OBJC_ROOT_CLASS = YES_ERROR;
				CLANG_WARN_RANGE_LOOP_ANALYSIS = YES;
				CLANG_WARN_STRICT_PROTOTYPES = YES;
				CLANG_WARN_SUSPICIOUS_MOVE = YES;
				CLANG_WARN_UNGUARDED_AVAILABILITY = YES_AGGRESSIVE;
				CLANG_WARN_UNREACHABLE_CODE = YES;
				CLANG_WARN__DUPLICATE_METHOD_MATCH = YES;
				CODE_SIGN_IDENTITY = "Mac Developer";
				COPY_PHASE_STRIP = NO;
				DEBUG_INFORMATION_FORMAT = dwarf;
				ENABLE_STRICT_OBJC_MSGSEND = YES;
				ENABLE_TESTABILITY = YES;
				GCC_C_LANGUAGE_STANDARD = gnu11;
				GCC_DYNAMIC_NO_PIC = NO;
				GCC_NO_COMMON_BLOCKS = YES;
				GCC_OPTIMIZATION_LEVEL = 0;
				GCC_PREPROCESSOR_DEFINITIONS = (
					"DEBUG=1",
					"$(inherited)",
				);
				GCC_WARN_64_TO_32_BIT_CONVERSION = YES;
				GCC_WARN_ABOUT_RETURN_TYPE = YES_ERROR;
				GCC_WARN_UNDECLARED_SELECTOR = YES;
				GCC_WARN_UNINITIALIZED_AUTOS = YES_AGGRESSIVE;
				GCC_WARN_UNUSED_FUNCTION = YES;
				GCC_WARN_UNUSED_VARIABLE = YES;
				MACOSX_DEPLOYMENT_TARGET = 10.13;
				MTL_ENABLE_DEBUG_INFO = YES;
				ONLY_ACTIVE_ARCH = YES;
				SDKROOT = macosx;
			};
			name = Debug;
		};
		429785FD2048903B00526A52 /* Release */ = {
			isa = XCBuildConfiguration;
			buildSettings = {
				ALWAYS_SEARCH_USER_PATHS = NO;
				CLANG_ANALYZER_NONNULL = YES;
				CLANG_ANALYZER_NUMBER_OBJECT_CONVERSION = YES_AGGRESSIVE;
				CLANG_CXX_LANGUAGE_STANDARD = "gnu++14";
				CLANG_CXX_LIBRARY = "libc++";
				CLANG_ENABLE_MODULES = YES;
				CLANG_ENABLE_OBJC_ARC = YES;
				CLANG_WARN_BLOCK_CAPTURE_AUTORELEASING = YES;
				CLANG_WARN_BOOL_CONVERSION = YES;
				CLANG_WARN_COMMA = YES;
				CLANG_WARN_CONSTANT_CONVERSION = YES;
				CLANG_WARN_DIRECT_OBJC_ISA_USAGE = YES_ERROR;
				CLANG_WARN_DOCUMENTATION_COMMENTS = YES;
				CLANG_WARN_EMPTY_BODY = YES;
				CLANG_WARN_ENUM_CONVERSION = YES;
				CLANG_WARN_INFINITE_RECURSION = YES;
				CLANG_WARN_INT_CONVERSION = YES;
				CLANG_WARN_NON_LITERAL_NULL_CONVERSION = YES;
				CLANG_WARN_OBJC_LITERAL_CONVERSION = YES;
				CLANG_WARN_OBJC_ROOT_CLASS = YES_ERROR;
				CLANG_WARN_RANGE_LOOP_ANALYSIS = YES;
				CLANG_WARN_STRICT_PROTOTYPES = YES;
				CLANG_WARN_SUSPICIOUS_MOVE = YES;
				CLANG_WARN_UNGUARDED_AVAILABILITY = YES_AGGRESSIVE;
				CLANG_WARN_UNREACHABLE_CODE = YES;
				CLANG_WARN__DUPLICATE_METHOD_MATCH = YES;
				CODE_SIGN_IDENTITY = "Mac Developer";
				COPY_PHASE_STRIP = NO;
				DEBUG_INFORMATION_FORMAT = "dwarf-with-dsym";
				ENABLE_NS_ASSERTIONS = NO;
				ENABLE_STRICT_OBJC_MSGSEND = YES;
				GCC_C_LANGUAGE_STANDARD = gnu11;
				GCC_NO_COMMON_BLOCKS = YES;
				GCC_WARN_64_TO_32_BIT_CONVERSION = YES;
				GCC_WARN_ABOUT_RETURN_TYPE = YES_ERROR;
				GCC_WARN_UNDECLARED_SELECTOR = YES;
				GCC_WARN_UNINITIALIZED_AUTOS = YES_AGGRESSIVE;
				GCC_WARN_UNUSED_FUNCTION = YES;
				GCC_WARN_UNUSED_VARIABLE = YES;
				MACOSX_DEPLOYMENT_TARGET = 10.13;
				MTL_ENABLE_DEBUG_INFO = NO;
				SDKROOT = macosx;
			};
			name = Release;
		};
		429785FF2048903B00526A52 /* Debug */ = {
			isa = XCBuildConfiguration;
			buildSettings = {
				CODE_SIGN_STYLE = Automatic;
				DEVELOPMENT_TEAM = MLU3NG9T49;
				PRODUCT_NAME = "$(TARGET_NAME)";
			};
			name = Debug;
		};
		429786002048903B00526A52 /* Release */ = {
			isa = XCBuildConfiguration;
			buildSettings = {
				CODE_SIGN_STYLE = Automatic;
				DEVELOPMENT_TEAM = MLU3NG9T49;
				PRODUCT_NAME = "$(TARGET_NAME)";
			};
			name = Release;
		};
/* End XCBuildConfiguration section */

/* Begin XCConfigurationList section */
		429785F22048903B00526A52 /* Build configuration list for PBXProject "Exercise7" */ = {
			isa = XCConfigurationList;
			buildConfigurations = (
				429785FC2048903B00526A52 /* Debug */,
				429785FD2048903B00526A52 /* Release */,
			);
			defaultConfigurationIsVisible = 0;
			defaultConfigurationName = Release;
		};
		429785FE2048903B00526A52 /* Build configuration list for PBXNativeTarget "Exercise7" */ = {
			isa = XCConfigurationList;
			buildConfigurations = (
				429785FF2048903B00526A52 /* Debug */,
				429786002048903B00526A52 /* Release */,
			);
			defaultConfigurationIsVisible = 0;
			defaultConfigurationName = Release;
		};
/* End XCConfigurationList section */
	};
	rootObject = 429785EF2048903B00526A52 /* Project object */;
}
