// !$*UTF8*$!
{
	archiveVersion = 1;
	classes = {
	};
	objectVersion = 50;
	objects = {

/* Begin PBXBuildFile section */
		427E8D5D2083EE5E00019585 /* main.c in Sources */ = {isa = PBXBuildFile; fileRef = 427E8D5C2083EE5E00019585 /* main.c */; };
		427E8D642083EE9C00019585 /* airport_manager.c in Sources */ = {isa = PBXBuildFile; fileRef = 427E8D632083EE9C00019585 /* airport_manager.c */; };
/* End PBXBuildFile section */

/* Begin PBXCopyFilesBuildPhase section */
		427E8D572083EE5E00019585 /* CopyFiles */ = {
			isa = PBXCopyFilesBuildPhase;
			buildActionMask = 2147483647;
			dstPath = /usr/share/man/man1/;
			dstSubfolderSpec = 0;
			files = (
			);
			runOnlyForDeploymentPostprocessing = 1;
		};
/* End PBXCopyFilesBuildPhase section */

/* Begin PBXFileReference section */
		427E8D592083EE5E00019585 /* AIRPORT-MANAGER */ = {isa = PBXFileReference; explicitFileType = "compiled.mach-o.executable"; includeInIndex = 0; path = "AIRPORT-MANAGER"; sourceTree = BUILT_PRODUCTS_DIR; };
		427E8D5C2083EE5E00019585 /* main.c */ = {isa = PBXFileReference; lastKnownFileType = sourcecode.c.c; path = main.c; sourceTree = "<group>"; };
		427E8D632083EE9C00019585 /* airport_manager.c */ = {isa = PBXFileReference; lastKnownFileType = sourcecode.c.c; path = airport_manager.c; sourceTree = "<group>"; };
		427E8D652083EEBF00019585 /* airport_manager.h */ = {isa = PBXFileReference; lastKnownFileType = sourcecode.c.h; path = airport_manager.h; sourceTree = "<group>"; };
/* End PBXFileReference section */

/* Begin PBXFrameworksBuildPhase section */
		427E8D562083EE5E00019585 /* Frameworks */ = {
			isa = PBXFrameworksBuildPhase;
			buildActionMask = 2147483647;
			files = (
			);
			runOnlyForDeploymentPostprocessing = 0;
		};
/* End PBXFrameworksBuildPhase section */

/* Begin PBXGroup section */
		427E8D502083EE5E00019585 = {
			isa = PBXGroup;
			children = (
				427E8D5B2083EE5E00019585 /* AIRPORT-MANAGER */,
				427E8D5A2083EE5E00019585 /* Products */,
			);
			sourceTree = "<group>";
		};
		427E8D5A2083EE5E00019585 /* Products */ = {
			isa = PBXGroup;
			children = (
				427E8D592083EE5E00019585 /* AIRPORT-MANAGER */,
			);
			name = Products;
			sourceTree = "<group>";
		};
		427E8D5B2083EE5E00019585 /* AIRPORT-MANAGER */ = {
			isa = PBXGroup;
			children = (
				427E8D5C2083EE5E00019585 /* main.c */,
				427E8D632083EE9C00019585 /* airport_manager.c */,
				427E8D652083EEBF00019585 /* airport_manager.h */,
			);
			path = "AIRPORT-MANAGER";
			sourceTree = "<group>";
		};
/* End PBXGroup section */

/* Begin PBXNativeTarget section */
		427E8D582083EE5E00019585 /* AIRPORT-MANAGER */ = {
			isa = PBXNativeTarget;
			buildConfigurationList = 427E8D602083EE5E00019585 /* Build configuration list for PBXNativeTarget "AIRPORT-MANAGER" */;
			buildPhases = (
				427E8D552083EE5E00019585 /* Sources */,
				427E8D562083EE5E00019585 /* Frameworks */,
				427E8D572083EE5E00019585 /* CopyFiles */,
			);
			buildRules = (
			);
			dependencies = (
			);
			name = "AIRPORT-MANAGER";
			productName = "AIRPORT-MANAGER";
			productReference = 427E8D592083EE5E00019585 /* AIRPORT-MANAGER */;
			productType = "com.apple.product-type.tool";
		};
/* End PBXNativeTarget section */

/* Begin PBXProject section */
		427E8D512083EE5E00019585 /* Project object */ = {
			isa = PBXProject;
			attributes = {
				LastUpgradeCheck = 0930;
				ORGANIZATIONNAME = "Pedro Gomes ";
				TargetAttributes = {
					427E8D582083EE5E00019585 = {
						CreatedOnToolsVersion = 9.3;
					};
				};
			};
			buildConfigurationList = 427E8D542083EE5E00019585 /* Build configuration list for PBXProject "AIRPORT-MANAGER" */;
			compatibilityVersion = "Xcode 9.3";
			developmentRegion = en;
			hasScannedForEncodings = 0;
			knownRegions = (
				en,
			);
			mainGroup = 427E8D502083EE5E00019585;
			productRefGroup = 427E8D5A2083EE5E00019585 /* Products */;
			projectDirPath = "";
			projectRoot = "";
			targets = (
				427E8D582083EE5E00019585 /* AIRPORT-MANAGER */,
			);
		};
/* End PBXProject section */

/* Begin PBXSourcesBuildPhase section */
		427E8D552083EE5E00019585 /* Sources */ = {
			isa = PBXSourcesBuildPhase;
			buildActionMask = 2147483647;
			files = (
				427E8D5D2083EE5E00019585 /* main.c in Sources */,
				427E8D642083EE9C00019585 /* airport_manager.c in Sources */,
			);
			runOnlyForDeploymentPostprocessing = 0;
		};
/* End PBXSourcesBuildPhase section */

/* Begin XCBuildConfiguration section */
		427E8D5E2083EE5E00019585 /* Debug */ = {
			isa = XCBuildConfiguration;
			buildSettings = {
				ALWAYS_SEARCH_USER_PATHS = NO;
				CLANG_ANALYZER_NONNULL = YES;
				CLANG_ANALYZER_NUMBER_OBJECT_CONVERSION = YES_AGGRESSIVE;
				CLANG_CXX_LANGUAGE_STANDARD = "gnu++14";
				CLANG_CXX_LIBRARY = "libc++";
				CLANG_ENABLE_MODULES = YES;
				CLANG_ENABLE_OBJC_ARC = YES;
				CLANG_ENABLE_OBJC_WEAK = YES;
				CLANG_WARN_BLOCK_CAPTURE_AUTORELEASING = YES;
				CLANG_WARN_BOOL_CONVERSION = YES;
				CLANG_WARN_COMMA = YES;
				CLANG_WARN_CONSTANT_CONVERSION = YES;
				CLANG_WARN_DEPRECATED_OBJC_IMPLEMENTATIONS = YES;
				CLANG_WARN_DIRECT_OBJC_ISA_USAGE = YES_ERROR;
				CLANG_WARN_DOCUMENTATION_COMMENTS = YES;
				CLANG_WARN_EMPTY_BODY = YES;
				CLANG_WARN_ENUM_CONVERSION = YES;
				CLANG_WARN_INFINITE_RECURSION = YES;
				CLANG_WARN_INT_CONVERSION = YES;
				CLANG_WARN_NON_LITERAL_NULL_CONVERSION = YES;
				CLANG_WARN_OBJC_IMPLICIT_RETAIN_SELF = YES;
				CLANG_WARN_OBJC_LITERAL_CONVERSION = YES;
				CLANG_WARN_OBJC_ROOT_CLASS = YES_ERROR;
				CLANG_WARN_RANGE_LOOP_ANALYSIS = YES;
				CLANG_WARN_STRICT_PROTOTYPES = YES;
				CLANG_WARN_SUSPICIOUS_MOVE = YES;
				CLANG_WARN_UNGUARDED_AVAILABILITY = YES_AGGRESSIVE;
				CLANG_WARN_UNREACHABLE_CODE = YES;
				CLANG_WARN__DUPLICATE_METHOD_MATCH = YES;
				CODE_SIGN_IDENTITY = "Mac Developer";
				COPY_PHASE_STRIP = NO;
				DEBUG_INFORMATION_FORMAT = dwarf;
				ENABLE_STRICT_OBJC_MSGSEND = YES;
				ENABLE_TESTABILITY = YES;
				GCC_C_LANGUAGE_STANDARD = gnu11;
				GCC_DYNAMIC_NO_PIC = NO;
				GCC_NO_COMMON_BLOCKS = YES;
				GCC_OPTIMIZATION_LEVEL = 0;
				GCC_PREPROCESSOR_DEFINITIONS = (
					"DEBUG=1",
					"$(inherited)",
				);
				GCC_WARN_64_TO_32_BIT_CONVERSION = YES;
				GCC_WARN_ABOUT_RETURN_TYPE = YES_ERROR;
				GCC_WARN_UNDECLARED_SELECTOR = YES;
				GCC_WARN_UNINITIALIZED_AUTOS = YES_AGGRESSIVE;
				GCC_WARN_UNUSED_FUNCTION = YES;
				GCC_WARN_UNUSED_VARIABLE = YES;
				MACOSX_DEPLOYMENT_TARGET = 10.13;
				MTL_ENABLE_DEBUG_INFO = YES;
				ONLY_ACTIVE_ARCH = YES;
				SDKROOT = macosx;
			};
			name = Debug;
		};
		427E8D5F2083EE5E00019585 /* Release */ = {
			isa = XCBuildConfiguration;
			buildSettings = {
				ALWAYS_SEARCH_USER_PATHS = NO;
				CLANG_ANALYZER_NONNULL = YES;
				CLANG_ANALYZER_NUMBER_OBJECT_CONVERSION = YES_AGGRESSIVE;
				CLANG_CXX_LANGUAGE_STANDARD = "gnu++14";
				CLANG_CXX_LIBRARY = "libc++";
				CLANG_ENABLE_MODULES = YES;
				CLANG_ENABLE_OBJC_ARC = YES;
				CLANG_ENABLE_OBJC_WEAK = YES;
				CLANG_WARN_BLOCK_CAPTURE_AUTORELEASING = YES;
				CLANG_WARN_BOOL_CONVERSION = YES;
				CLANG_WARN_COMMA = YES;
				CLANG_WARN_CONSTANT_CONVERSION = YES;
				CLANG_WARN_DEPRECATED_OBJC_IMPLEMENTATIONS = YES;
				CLANG_WARN_DIRECT_OBJC_ISA_USAGE = YES_ERROR;
				CLANG_WARN_DOCUMENTATION_COMMENTS = YES;
				CLANG_WARN_EMPTY_BODY = YES;
				CLANG_WARN_ENUM_CONVERSION = YES;
				CLANG_WARN_INFINITE_RECURSION = YES;
				CLANG_WARN_INT_CONVERSION = YES;
				CLANG_WARN_NON_LITERAL_NULL_CONVERSION = YES;
				CLANG_WARN_OBJC_IMPLICIT_RETAIN_SELF = YES;
				CLANG_WARN_OBJC_LITERAL_CONVERSION = YES;
				CLANG_WARN_OBJC_ROOT_CLASS = YES_ERROR;
				CLANG_WARN_RANGE_LOOP_ANALYSIS = YES;
				CLANG_WARN_STRICT_PROTOTYPES = YES;
				CLANG_WARN_SUSPICIOUS_MOVE = YES;
				CLANG_WARN_UNGUARDED_AVAILABILITY = YES_AGGRESSIVE;
				CLANG_WARN_UNREACHABLE_CODE = YES;
				CLANG_WARN__DUPLICATE_METHOD_MATCH = YES;
				CODE_SIGN_IDENTITY = "Mac Developer";
				COPY_PHASE_STRIP = NO;
				DEBUG_INFORMATION_FORMAT = "dwarf-with-dsym";
				ENABLE_NS_ASSERTIONS = NO;
				ENABLE_STRICT_OBJC_MSGSEND = YES;
				GCC_C_LANGUAGE_STANDARD = gnu11;
				GCC_NO_COMMON_BLOCKS = YES;
				GCC_WARN_64_TO_32_BIT_CONVERSION = YES;
				GCC_WARN_ABOUT_RETURN_TYPE = YES_ERROR;
				GCC_WARN_UNDECLARED_SELECTOR = YES;
				GCC_WARN_UNINITIALIZED_AUTOS = YES_AGGRESSIVE;
				GCC_WARN_UNUSED_FUNCTION = YES;
				GCC_WARN_UNUSED_VARIABLE = YES;
				MACOSX_DEPLOYMENT_TARGET = 10.13;
				MTL_ENABLE_DEBUG_INFO = NO;
				SDKROOT = macosx;
			};
			name = Release;
		};
		427E8D612083EE5E00019585 /* Debug */ = {
			isa = XCBuildConfiguration;
			buildSettings = {
				CODE_SIGN_STYLE = Automatic;
				DEVELOPMENT_TEAM = MLU3NG9T49;
				PRODUCT_NAME = "$(TARGET_NAME)";
			};
			name = Debug;
		};
		427E8D622083EE5E00019585 /* Release */ = {
			isa = XCBuildConfiguration;
			buildSettings = {
				CODE_SIGN_STYLE = Automatic;
				DEVELOPMENT_TEAM = MLU3NG9T49;
				PRODUCT_NAME = "$(TARGET_NAME)";
			};
			name = Release;
		};
/* End XCBuildConfiguration section */

/* Begin XCConfigurationList section */
		427E8D542083EE5E00019585 /* Build configuration list for PBXProject "AIRPORT-MANAGER" */ = {
			isa = XCConfigurationList;
			buildConfigurations = (
				427E8D5E2083EE5E00019585 /* Debug */,
				427E8D5F2083EE5E00019585 /* Release */,
			);
			defaultConfigurationIsVisible = 0;
			defaultConfigurationName = Release;
		};
		427E8D602083EE5E00019585 /* Build configuration list for PBXNativeTarget "AIRPORT-MANAGER" */ = {
			isa = XCConfigurationList;
			buildConfigurations = (
				427E8D612083EE5E00019585 /* Debug */,
				427E8D622083EE5E00019585 /* Release */,
			);
			defaultConfigurationIsVisible = 0;
			defaultConfigurationName = Release;
		};
/* End XCConfigurationList section */
	};
	rootObject = 427E8D512083EE5E00019585 /* Project object */;
}
